Microsoft Visual Studio Solution File, Format Version 12.00
# Visual Studio Version 17
VisualStudioVersion = 17.5.2.0
MinimumVisualStudioVersion = 10.0.40219.1
Project("{FAE04EC0-301F-11D3-BF4B-00C04F79EFBC}") = "SampleWebApp", "SampleWebApp\SampleWebApp.csproj", "{82645C39-90F8-75E5-A224-667C84539651}"
EndProject
Global
	GlobalSection(SolutionConfigurationPlatforms) = preSolution
		Debug|Any CPU = Debug|Any CPU
		Release|Any CPU = Release|Any CPU
	EndGlobalSection
	GlobalSection(ProjectConfigurationPlatforms) = postSolution
		{82645C39-90F8-75E5-A224-667C84539651}.Debug|Any CPU.ActiveCfg = Debug|Any CPU
		{82645C39-90F8-75E5-A224-667C84539651}.Debug|Any CPU.Build.0 = Debug|Any CPU
		{82645C39-90F8-75E5-A224-667C84539651}.Release|Any CPU.ActiveCfg = Release|Any CPU
		{82645C39-90F8-75E5-A224-667C84539651}.Release|Any CPU.Build.0 = Release|Any CPU
	EndGlobalSection
	GlobalSection(SolutionProperties) = preSolution
		HideSolutionNode = FALSE
	EndGlobalSection
	GlobalSection(ExtensibilityGlobals) = postSolution
		SolutionGuid = {1110209A-CE8C-4EB8-94F6-C0443B7C3937}
	EndGlobalSection
EndGlobal
